
Microsoft Visual Studio Solution File, Format Version 12.00
# Visual Studio Version 16
VisualStudioVersion = 16.0.29306.81
MinimumVisualStudioVersion = 10.0.40219.1
Project("{FAE04EC0-301F-11D3-BF4B-00C04F79EFBC}") = "Arrays1", "Arrays1\Arrays1.csproj", "{0C8C9B98-970D-45AE-BC95-120B19F4DDCE}"
EndProject
Project("{FAE04EC0-301F-11D3-BF4B-00C04F79EFBC}") = "Arrays2", "Arrays2\Arrays2.csproj", "{5D52F7D5-9610-4185-9EFE-54D45EDF5642}"
EndProject
Project("{FAE04EC0-301F-11D3-BF4B-00C04F79EFBC}") = "OOPDraw", "OOPDraw\OOPDraw.csproj", "{3283C325-0F36-40FE-98D5-1EC6D048DDC3}"
EndProject
Global
	GlobalSection(SolutionConfigurationPlatforms) = preSolution
		Debug|Any CPU = Debug|Any CPU
		Release|Any CPU = Release|Any CPU
	EndGlobalSection
	GlobalSection(ProjectConfigurationPlatforms) = postSolution
		{0C8C9B98-970D-45AE-BC95-120B19F4DDCE}.Debug|Any CPU.ActiveCfg = Debug|Any CPU
		{0C8C9B98-970D-45AE-BC95-120B19F4DDCE}.Debug|Any CPU.Build.0 = Debug|Any CPU
		{0C8C9B98-970D-45AE-BC95-120B19F4DDCE}.Release|Any CPU.ActiveCfg = Release|Any CPU
		{0C8C9B98-970D-45AE-BC95-120B19F4DDCE}.Release|Any CPU.Build.0 = Release|Any CPU
		{5D52F7D5-9610-4185-9EFE-54D45EDF5642}.Debug|Any CPU.ActiveCfg = Debug|Any CPU
		{5D52F7D5-9610-4185-9EFE-54D45EDF5642}.Debug|Any CPU.Build.0 = Debug|Any CPU
		{5D52F7D5-9610-4185-9EFE-54D45EDF5642}.Release|Any CPU.ActiveCfg = Release|Any CPU
		{5D52F7D5-9610-4185-9EFE-54D45EDF5642}.Release|Any CPU.Build.0 = Release|Any CPU
		{3283C325-0F36-40FE-98D5-1EC6D048DDC3}.Debug|Any CPU.ActiveCfg = Debug|Any CPU
		{3283C325-0F36-40FE-98D5-1EC6D048DDC3}.Debug|Any CPU.Build.0 = Debug|Any CPU
		{3283C325-0F36-40FE-98D5-1EC6D048DDC3}.Release|Any CPU.ActiveCfg = Release|Any CPU
		{3283C325-0F36-40FE-98D5-1EC6D048DDC3}.Release|Any CPU.Build.0 = Release|Any CPU
	EndGlobalSection
	GlobalSection(SolutionProperties) = preSolution
		HideSolutionNode = FALSE
	EndGlobalSection
	GlobalSection(ExtensibilityGlobals) = postSolution
		SolutionGuid = {F3E28931-B1A9-4641-8736-F6EE9D539782}
	EndGlobalSection
EndGlobal
